{
  "requires": true,
  "lockfileVersion": 1,
  "dependencies": {
    "jlmercury-palindrome": {
      "version": "0.1.0",
      "resolved": "https://registry.npmjs.org/jlmercury-palindrome/-/jlmercury-palindrome-0.1.0.tgz",
      "integrity": "sha512-MCGAPnCh1GluYJBJUUNEtzFjqATDHm50A3WiIEJqgySoQDhURjrmJ27eI+hbK1mDqQbAVvCvzGGgUc2Nz9dfEA=="
    }
  }
}
